
Microsoft Visual Studio Solution File, Format Version 12.00
# Visual Studio Version 17
VisualStudioVersion = 17.9.34616.47
MinimumVisualStudioVersion = 10.0.40219.1
Project("{8BC9CEB8-8B4A-11D0-8D11-00A0C91BC942}") = "PRAK12PEMDAS_Iofile", "PRAK12PEMDAS_Iofile\PRAK12PEMDAS_Iofile.vcxproj", "{7DBB41A9-AC61-49CA-8546-93DD1D62843A}"
EndProject
Project("{8BC9CEB8-8B4A-11D0-8D11-00A0C91BC942}") = "Iofilepath u", "Iofilepath u\Iofilepath u.vcxproj", "{C6CF8D14-C91E-4A57-8FDC-2D90454526B7}"
EndProject
Project("{8BC9CEB8-8B4A-11D0-8D11-00A0C91BC942}") = "ManualExeption", "ManualExeption\ManualExeption.vcxproj", "{CAF96233-077D-4126-B005-ECF0E6155A81}"
EndProject
Project("{8BC9CEB8-8B4A-11D0-8D11-00A0C91BC942}") = "StandarExseption", "StandarExseption\StandarExseption.vcxproj", "{54338EF0-9C54-455A-8078-30FF014DE8FF}"
EndProject
Global
	GlobalSection(SolutionConfigurationPlatforms) = preSolution
		Debug|x64 = Debug|x64
		Debug|x86 = Debug|x86
		Release|x64 = Release|x64
		Release|x86 = Release|x86
	EndGlobalSection
	GlobalSection(ProjectConfigurationPlatforms) = postSolution
		{7DBB41A9-AC61-49CA-8546-93DD1D62843A}.Debug|x64.ActiveCfg = Debug|x64
		{7DBB41A9-AC61-49CA-8546-93DD1D62843A}.Debug|x64.Build.0 = Debug|x64
		{7DBB41A9-AC61-49CA-8546-93DD1D62843A}.Debug|x86.ActiveCfg = Debug|Win32
		{7DBB41A9-AC61-49CA-8546-93DD1D62843A}.Debug|x86.Build.0 = Debug|Win32
		{7DBB41A9-AC61-49CA-8546-93DD1D62843A}.Release|x64.ActiveCfg = Release|x64
		{7DBB41A9-AC61-49CA-8546-93DD1D62843A}.Release|x64.Build.0 = Release|x64
		{7DBB41A9-AC61-49CA-8546-93DD1D62843A}.Release|x86.ActiveCfg = Release|Win32
		{7DBB41A9-AC61-49CA-8546-93DD1D62843A}.Release|x86.Build.0 = Release|Win32
		{C6CF8D14-C91E-4A57-8FDC-2D90454526B7}.Debug|x64.ActiveCfg = Debug|x64
		{C6CF8D14-C91E-4A57-8FDC-2D90454526B7}.Debug|x64.Build.0 = Debug|x64
		{C6CF8D14-C91E-4A57-8FDC-2D90454526B7}.Debug|x86.ActiveCfg = Debug|Win32
		{C6CF8D14-C91E-4A57-8FDC-2D90454526B7}.Debug|x86.Build.0 = Debug|Win32
		{C6CF8D14-C91E-4A57-8FDC-2D90454526B7}.Release|x64.ActiveCfg = Release|x64
		{C6CF8D14-C91E-4A57-8FDC-2D90454526B7}.Release|x64.Build.0 = Release|x64
		{C6CF8D14-C91E-4A57-8FDC-2D90454526B7}.Release|x86.ActiveCfg = Release|Win32
		{C6CF8D14-C91E-4A57-8FDC-2D90454526B7}.Release|x86.Build.0 = Release|Win32
		{CAF96233-077D-4126-B005-ECF0E6155A81}.Debug|x64.ActiveCfg = Debug|x64
		{CAF96233-077D-4126-B005-ECF0E6155A81}.Debug|x64.Build.0 = Debug|x64
		{CAF96233-077D-4126-B005-ECF0E6155A81}.Debug|x86.ActiveCfg = Debug|Win32
		{CAF96233-077D-4126-B005-ECF0E6155A81}.Debug|x86.Build.0 = Debug|Win32
		{CAF96233-077D-4126-B005-ECF0E6155A81}.Release|x64.ActiveCfg = Release|x64
		{CAF96233-077D-4126-B005-ECF0E6155A81}.Release|x64.Build.0 = Release|x64
		{CAF96233-077D-4126-B005-ECF0E6155A81}.Release|x86.ActiveCfg = Release|Win32
		{CAF96233-077D-4126-B005-ECF0E6155A81}.Release|x86.Build.0 = Release|Win32
		{54338EF0-9C54-455A-8078-30FF014DE8FF}.Debug|x64.ActiveCfg = Debug|x64
		{54338EF0-9C54-455A-8078-30FF014DE8FF}.Debug|x64.Build.0 = Debug|x64
		{54338EF0-9C54-455A-8078-30FF014DE8FF}.Debug|x86.ActiveCfg = Debug|Win32
		{54338EF0-9C54-455A-8078-30FF014DE8FF}.Debug|x86.Build.0 = Debug|Win32
		{54338EF0-9C54-455A-8078-30FF014DE8FF}.Release|x64.ActiveCfg = Release|x64
		{54338EF0-9C54-455A-8078-30FF014DE8FF}.Release|x64.Build.0 = Release|x64
		{54338EF0-9C54-455A-8078-30FF014DE8FF}.Release|x86.ActiveCfg = Release|Win32
		{54338EF0-9C54-455A-8078-30FF014DE8FF}.Release|x86.Build.0 = Release|Win32
	EndGlobalSection
	GlobalSection(SolutionProperties) = preSolution
		HideSolutionNode = FALSE
	EndGlobalSection
	GlobalSection(ExtensibilityGlobals) = postSolution
		SolutionGuid = {8CA08A5C-4FDD-4EA8-BFE6-12269E0153A0}
	EndGlobalSection
EndGlobal
